
Microsoft Visual Studio Solution File, Format Version 12.00
# Visual Studio Version 17
VisualStudioVersion = 17.7.34221.43
MinimumVisualStudioVersion = 10.0.40219.1
Project("{9A19103F-16F7-4668-BE54-9A1E7A4F7556}") = "Lzarc Tool", "Lzarc Tool.csproj", "{E0692A2D-7D5C-49A8-BEB0-A1DDCA2152C7}"
EndProject
Global
	GlobalSection(SolutionConfigurationPlatforms) = preSolution
		Debug|Any CPU = Debug|Any CPU
		Release|Any CPU = Release|Any CPU
	EndGlobalSection
	GlobalSection(ProjectConfigurationPlatforms) = postSolution
		{E0692A2D-7D5C-49A8-BEB0-A1DDCA2152C7}.Debug|Any CPU.ActiveCfg = Debug|Any CPU
		{E0692A2D-7D5C-49A8-BEB0-A1DDCA2152C7}.Debug|Any CPU.Build.0 = Debug|Any CPU
		{E0692A2D-7D5C-49A8-BEB0-A1DDCA2152C7}.Release|Any CPU.ActiveCfg = Release|Any CPU
		{E0692A2D-7D5C-49A8-BEB0-A1DDCA2152C7}.Release|Any CPU.Build.0 = Release|Any CPU
	EndGlobalSection
	GlobalSection(SolutionProperties) = preSolution
		HideSolutionNode = FALSE
	EndGlobalSection
	GlobalSection(ExtensibilityGlobals) = postSolution
		SolutionGuid = {2E0B61A5-DC57-4247-BB88-016CAED43867}
	EndGlobalSection
EndGlobal
